{
  "name": "resin-universal-mixpanel",
  "version": "2.3.0",
  "lockfileVersion": 1,
  "requires": true,
  "dependencies": {
    "mixpanel": {
      "version": "0.6.0",
      "resolved": "https://registry.npmjs.org/mixpanel/-/mixpanel-0.6.0.tgz",
      "integrity": "sha1-67sBGvASLcyDR5o6NdcVh4odeOI="
    },
    "mixpanel-browser": {
      "version": "2.29.1",
      "resolved": "https://registry.npmjs.org/mixpanel-browser/-/mixpanel-browser-2.29.1.tgz",
      "integrity": "sha512-RSBqVBznOkKBz3MkCXRrkTEEXqoNNYAbASpjaCxvhpT5pykWhjh7JY54fAmOvtG9XNL3GHYA6XiB7Yos4ngNYQ=="
    }
  }
}
